{
    "_meta": {
        "hash": {
            "sha256": "9b8601b7790ef4fe9f93195d065b3bd1e1282c1f2d1753b6deeb0b6b71c41003"
        },
        "host-environment-markers": {
            "implementation_name": "cpython",
            "implementation_version": "3.5.4",
            "os_name": "posix",
            "platform_machine": "x86_64",
            "platform_python_implementation": "CPython",
            "platform_release": "4.12.0-1-amd64",
            "platform_system": "Linux",
            "platform_version": "#1 SMP Debian 4.12.6-1 (2017-08-12)",
            "python_full_version": "3.5.4",
            "python_version": "3.5",
            "sys_platform": "linux"
        },
        "pipfile-spec": 3,
        "requires": {
            "python_version": "3.5"
        },
        "sources": [
            {
                "url": "https://pypi.python.org/simple",
                "verify_ssl": true
            }
        ]
    },
    "default": {
        "bearlibterminal": {
            "hashes": [
                "sha256:fb00d7a1f5f0bfebccb4aad07bd9e4effed9ff71251d0c4fdf714923a23ef5a5",
                "sha256:beee986774c31b35b2332a3eb6dee2ea21efe96b0785f90de78d36b9e78e47f1",
                "sha256:fc5de3b68866e0deef0d4a783a7570e8b680cc297baa309e93b19becc2115ce0",
                "sha256:2c394c5eb46fc65ddc0b83454147fc33fbf7db671890af4f77d57dc46579ea91",
                "sha256:88bb03778000c806fb3b013a4eb88d7c65a11746b7f13dc27c5640ea7cccc3d3"
            ],
            "version": "==0.15.4"
        }
    },
    "develop": {
        "py": {
            "hashes": [
                "sha256:2ccb79b01769d99115aa600d7eed99f524bf752bba8f041dc1c184853514655a",
                "sha256:0f2d585d22050e90c7d293b6451c83db097df77871974d90efd5a30dc12fcde3"
            ],
            "version": "==1.4.34"
        },
        "pytest": {
            "hashes": [
                "sha256:b84f554f8ddc23add65c411bf112b2d88e2489fd45f753b1cae5936358bdf314",
                "sha256:f46e49e0340a532764991c498244a60e3a37d7424a532b3ff1a6a7653f1a403a"
            ],
            "version": "==3.2.2"
        }
    }
}
